
Microsoft Visual Studio Solution File, Format Version 12.00
# Visual Studio Version 17
VisualStudioVersion = 17.0.31912.275
MinimumVisualStudioVersion = 10.0.40219.1
Project("{FAE04EC0-301F-11D3-BF4B-00C04F79EFBC}") = "OpenInApp", "OpenInApp\OpenInApp.csproj", "{0B1434B0-FA30-469C-8E25-BE99F2D6AE01}"
EndProject
Project("{2150E333-8FDC-42A3-9474-1A3956D46DE8}") = "Solution Items", "Solution Items", "{1F3D0298-4C07-41FB-92CC-56EEFAB440C2}"
	ProjectSection(SolutionItems) = preProject
		..\appveyor.yml = ..\appveyor.yml
		..\azure-pipelines.yml = ..\azure-pipelines.yml
		..\..\VsmpPublish.bat = ..\..\VsmpPublish.bat
		..\..\VsmpPublish.json = ..\..\VsmpPublish.json
	EndProjectSection
EndProject
Project("{2150E333-8FDC-42A3-9474-1A3956D46DE8}") = "Generic", "Generic", "{00503434-6495-4367-832D-1F6B2BEF8519}"
	ProjectSection(SolutionItems) = preProject
		..\..\.gitattributes = ..\..\.gitattributes
		..\..\.gitignore = ..\..\.gitignore
		..\..\.sonarcloud.properties = ..\..\.sonarcloud.properties
		..\..\_config.yml = ..\..\_config.yml
		..\..\CHANGELOG.md = ..\..\CHANGELOG.md
		..\..\greenkeeper.json = ..\..\greenkeeper.json
		..\..\LICENSE.txt = ..\..\LICENSE.txt
		..\..\renovate.json = ..\..\renovate.json
	EndProjectSection
EndProject
Project("{2150E333-8FDC-42A3-9474-1A3956D46DE8}") = "VisualStudioMarketPlaceAssets", "VisualStudioMarketPlaceAssets", "{E2459CF3-3990-4279-BE3B-284A703CCFC6}"
	ProjectSection(SolutionItems) = preProject
		..\..\VisualStudioMarketPlaceAssets\PaintDotNet\0_Variables.md = ..\..\VisualStudioMarketPlaceAssets\PaintDotNet\0_Variables.md
		..\..\VisualStudioMarketPlaceAssets\PaintDotNet\README.md = ..\..\VisualStudioMarketPlaceAssets\PaintDotNet\README.md
		..\..\VisualStudioMarketPlaceAssets\PaintDotNet\ReadMeScreenShot_CodeEditorWindow.png = ..\..\VisualStudioMarketPlaceAssets\PaintDotNet\ReadMeScreenShot_CodeEditorWindow.png
		..\..\VisualStudioMarketPlaceAssets\PaintDotNet\ReadMeScreenShot_FolderNode.png = ..\..\VisualStudioMarketPlaceAssets\PaintDotNet\ReadMeScreenShot_FolderNode.png
		..\..\VisualStudioMarketPlaceAssets\PaintDotNet\ReadMeScreenShot_ItemNode.png = ..\..\VisualStudioMarketPlaceAssets\PaintDotNet\ReadMeScreenShot_ItemNode.png
		..\..\VisualStudioMarketPlaceAssets\PaintDotNet\ReadMeScreenShot_ProjNode.png = ..\..\VisualStudioMarketPlaceAssets\PaintDotNet\ReadMeScreenShot_ProjNode.png
		..\..\VisualStudioMarketPlaceAssets\PaintDotNet\ThirdPartyLogo.png = ..\..\VisualStudioMarketPlaceAssets\PaintDotNet\ThirdPartyLogo.png
		..\..\VisualStudioMarketPlaceAssets\PaintDotNet\ThirdPartyScreenShot.png = ..\..\VisualStudioMarketPlaceAssets\PaintDotNet\ThirdPartyScreenShot.png
	EndProjectSection
EndProject
Global
	GlobalSection(SolutionConfigurationPlatforms) = preSolution
		Debug|Any CPU = Debug|Any CPU
		Release|Any CPU = Release|Any CPU
	EndGlobalSection
	GlobalSection(ProjectConfigurationPlatforms) = postSolution
		{0B1434B0-FA30-469C-8E25-BE99F2D6AE01}.Debug|Any CPU.ActiveCfg = Debug|Any CPU
		{0B1434B0-FA30-469C-8E25-BE99F2D6AE01}.Debug|Any CPU.Build.0 = Debug|Any CPU
		{0B1434B0-FA30-469C-8E25-BE99F2D6AE01}.Release|Any CPU.ActiveCfg = Release|Any CPU
		{0B1434B0-FA30-469C-8E25-BE99F2D6AE01}.Release|Any CPU.Build.0 = Release|Any CPU
	EndGlobalSection
	GlobalSection(SolutionProperties) = preSolution
		HideSolutionNode = FALSE
	EndGlobalSection
	GlobalSection(NestedProjects) = preSolution
		{00503434-6495-4367-832D-1F6B2BEF8519} = {1F3D0298-4C07-41FB-92CC-56EEFAB440C2}
		{E2459CF3-3990-4279-BE3B-284A703CCFC6} = {1F3D0298-4C07-41FB-92CC-56EEFAB440C2}
	EndGlobalSection
	GlobalSection(ExtensibilityGlobals) = postSolution
		SolutionGuid = {E6CBD576-83EC-4DA7-9AFC-2DF85811D93A}
	EndGlobalSection
EndGlobal
