
Microsoft Visual Studio Solution File, Format Version 12.00
# Visual Studio Version 17
VisualStudioVersion = 17.0.31912.275
MinimumVisualStudioVersion = 10.0.40219.1
Project("{FAE04EC0-301F-11D3-BF4B-00C04F79EFBC}") = "OpenInVS2013", "OpenInApp\OpenInVS2013.csproj", "{6CB4545E-1284-42C1-97E9-85E6989E4537}"
EndProject
Project("{FAE04EC0-301F-11D3-BF4B-00C04F79EFBC}") = "OpenInAppCommon", "..\OpenInAppCommon\OpenInAppCommon.csproj", "{97C047C3-460A-44D8-BF34-F08EDE019C4A}"
EndProject
Global
	GlobalSection(SolutionConfigurationPlatforms) = preSolution
		Debug|Any CPU = Debug|Any CPU
		Release|Any CPU = Release|Any CPU
	EndGlobalSection
	GlobalSection(ProjectConfigurationPlatforms) = postSolution
		{6CB4545E-1284-42C1-97E9-85E6989E4537}.Debug|Any CPU.ActiveCfg = Debug|Any CPU
		{6CB4545E-1284-42C1-97E9-85E6989E4537}.Debug|Any CPU.Build.0 = Debug|Any CPU
		{6CB4545E-1284-42C1-97E9-85E6989E4537}.Release|Any CPU.ActiveCfg = Release|Any CPU
		{6CB4545E-1284-42C1-97E9-85E6989E4537}.Release|Any CPU.Build.0 = Release|Any CPU
		{97C047C3-460A-44D8-BF34-F08EDE019C4A}.Debug|Any CPU.ActiveCfg = Debug|Any CPU
		{97C047C3-460A-44D8-BF34-F08EDE019C4A}.Debug|Any CPU.Build.0 = Debug|Any CPU
		{97C047C3-460A-44D8-BF34-F08EDE019C4A}.Release|Any CPU.ActiveCfg = Release|Any CPU
		{97C047C3-460A-44D8-BF34-F08EDE019C4A}.Release|Any CPU.Build.0 = Release|Any CPU
	EndGlobalSection
	GlobalSection(SolutionProperties) = preSolution
		HideSolutionNode = FALSE
	EndGlobalSection
	GlobalSection(ExtensibilityGlobals) = postSolution
		SolutionGuid = {E6CBD576-83EC-4DA7-9AFC-2DF85811D93A}
	EndGlobalSection
EndGlobal
